
Microsoft Visual Studio Solution File, Format Version 12.00
# Visual Studio Version 17
VisualStudioVersion = 17.0.31903.59
MinimumVisualStudioVersion = 10.0.40219.1
Project("{2150E333-8FDC-42A3-9474-1A3956D46DE8}") = "Core", "Core", "{FBF56CC3-7AE6-AD2D-3F14-7F97FD322CD6}"
EndProject
Project("{FAE04EC0-301F-11D3-BF4B-00C04F79EFBC}") = "BotConstructor.Core", "Core\BotConstructor.Core.csproj", "{5B9E4C0F-44A6-46D3-893A-64A78688CFB7}"
EndProject
Project("{FAE04EC0-301F-11D3-BF4B-00C04F79EFBC}") = "BotConstructor.Infrastructure", "Infrastructure\BotConstructor.Infrastructure.csproj", "{E3F270CF-8860-42B3-9007-FA3E4ACCB3AF}"
EndProject
Project("{FAE04EC0-301F-11D3-BF4B-00C04F79EFBC}") = "BotConstructor.Web", "Web\BotConstructor.Web.csproj", "{6F5A8C33-5721-40A5-9038-763A01E86D70}"
EndProject
Global
	GlobalSection(SolutionConfigurationPlatforms) = preSolution
		Debug|Any CPU = Debug|Any CPU
		Debug|x64 = Debug|x64
		Debug|x86 = Debug|x86
		Release|Any CPU = Release|Any CPU
		Release|x64 = Release|x64
		Release|x86 = Release|x86
	EndGlobalSection
	GlobalSection(ProjectConfigurationPlatforms) = postSolution
		{5B9E4C0F-44A6-46D3-893A-64A78688CFB7}.Debug|Any CPU.ActiveCfg = Debug|Any CPU
		{5B9E4C0F-44A6-46D3-893A-64A78688CFB7}.Debug|Any CPU.Build.0 = Debug|Any CPU
		{5B9E4C0F-44A6-46D3-893A-64A78688CFB7}.Debug|x64.ActiveCfg = Debug|Any CPU
		{5B9E4C0F-44A6-46D3-893A-64A78688CFB7}.Debug|x64.Build.0 = Debug|Any CPU
		{5B9E4C0F-44A6-46D3-893A-64A78688CFB7}.Debug|x86.ActiveCfg = Debug|Any CPU
		{5B9E4C0F-44A6-46D3-893A-64A78688CFB7}.Debug|x86.Build.0 = Debug|Any CPU
		{5B9E4C0F-44A6-46D3-893A-64A78688CFB7}.Release|Any CPU.ActiveCfg = Release|Any CPU
		{5B9E4C0F-44A6-46D3-893A-64A78688CFB7}.Release|Any CPU.Build.0 = Release|Any CPU
		{5B9E4C0F-44A6-46D3-893A-64A78688CFB7}.Release|x64.ActiveCfg = Release|Any CPU
		{5B9E4C0F-44A6-46D3-893A-64A78688CFB7}.Release|x64.Build.0 = Release|Any CPU
		{5B9E4C0F-44A6-46D3-893A-64A78688CFB7}.Release|x86.ActiveCfg = Release|Any CPU
		{5B9E4C0F-44A6-46D3-893A-64A78688CFB7}.Release|x86.Build.0 = Release|Any CPU
		{E3F270CF-8860-42B3-9007-FA3E4ACCB3AF}.Debug|Any CPU.ActiveCfg = Debug|Any CPU
		{E3F270CF-8860-42B3-9007-FA3E4ACCB3AF}.Debug|Any CPU.Build.0 = Debug|Any CPU
		{E3F270CF-8860-42B3-9007-FA3E4ACCB3AF}.Debug|x64.ActiveCfg = Debug|Any CPU
		{E3F270CF-8860-42B3-9007-FA3E4ACCB3AF}.Debug|x64.Build.0 = Debug|Any CPU
		{E3F270CF-8860-42B3-9007-FA3E4ACCB3AF}.Debug|x86.ActiveCfg = Debug|Any CPU
		{E3F270CF-8860-42B3-9007-FA3E4ACCB3AF}.Debug|x86.Build.0 = Debug|Any CPU
		{E3F270CF-8860-42B3-9007-FA3E4ACCB3AF}.Release|Any CPU.ActiveCfg = Release|Any CPU
		{E3F270CF-8860-42B3-9007-FA3E4ACCB3AF}.Release|Any CPU.Build.0 = Release|Any CPU
		{E3F270CF-8860-42B3-9007-FA3E4ACCB3AF}.Release|x64.ActiveCfg = Release|Any CPU
		{E3F270CF-8860-42B3-9007-FA3E4ACCB3AF}.Release|x64.Build.0 = Release|Any CPU
		{E3F270CF-8860-42B3-9007-FA3E4ACCB3AF}.Release|x86.ActiveCfg = Release|Any CPU
		{E3F270CF-8860-42B3-9007-FA3E4ACCB3AF}.Release|x86.Build.0 = Release|Any CPU
		{6F5A8C33-5721-40A5-9038-763A01E86D70}.Debug|Any CPU.ActiveCfg = Debug|Any CPU
		{6F5A8C33-5721-40A5-9038-763A01E86D70}.Debug|Any CPU.Build.0 = Debug|Any CPU
		{6F5A8C33-5721-40A5-9038-763A01E86D70}.Debug|x64.ActiveCfg = Debug|Any CPU
		{6F5A8C33-5721-40A5-9038-763A01E86D70}.Debug|x64.Build.0 = Debug|Any CPU
		{6F5A8C33-5721-40A5-9038-763A01E86D70}.Debug|x86.ActiveCfg = Debug|Any CPU
		{6F5A8C33-5721-40A5-9038-763A01E86D70}.Debug|x86.Build.0 = Debug|Any CPU
		{6F5A8C33-5721-40A5-9038-763A01E86D70}.Release|Any CPU.ActiveCfg = Release|Any CPU
		{6F5A8C33-5721-40A5-9038-763A01E86D70}.Release|Any CPU.Build.0 = Release|Any CPU
		{6F5A8C33-5721-40A5-9038-763A01E86D70}.Release|x64.ActiveCfg = Release|Any CPU
		{6F5A8C33-5721-40A5-9038-763A01E86D70}.Release|x64.Build.0 = Release|Any CPU
		{6F5A8C33-5721-40A5-9038-763A01E86D70}.Release|x86.ActiveCfg = Release|Any CPU
		{6F5A8C33-5721-40A5-9038-763A01E86D70}.Release|x86.Build.0 = Release|Any CPU
	EndGlobalSection
	GlobalSection(SolutionProperties) = preSolution
		HideSolutionNode = FALSE
	EndGlobalSection
	GlobalSection(NestedProjects) = preSolution
		{5B9E4C0F-44A6-46D3-893A-64A78688CFB7} = {FBF56CC3-7AE6-AD2D-3F14-7F97FD322CD6}
		{E3F270CF-8860-42B3-9007-FA3E4ACCB3AF} = {FBF56CC3-7AE6-AD2D-3F14-7F97FD322CD6}
		{6F5A8C33-5721-40A5-9038-763A01E86D70} = {FBF56CC3-7AE6-AD2D-3F14-7F97FD322CD6}
	EndGlobalSection
EndGlobal
