
Microsoft Visual Studio Solution File, Format Version 12.00
# Visual Studio Version 17
VisualStudioVersion = 17.0.31903.59
MinimumVisualStudioVersion = 10.0.40219.1
Project("{2150E333-8FDC-42A3-9474-1A3956D46DE8}") = "Core", "Core", "{FBF56CC3-7AE6-AD2D-3F14-7F97FD322CD6}"
EndProject
Project("{FAE04EC0-301F-11D3-BF4B-00C04F79EFBC}") = "BotConstructor.Core", "Core\BotConstructor.Core.csproj", "{5B9E4C0F-44A6-46D3-893A-64A78688CFB7}"
EndProject
Project("{FAE04EC0-301F-11D3-BF4B-00C04F79EFBC}") = "BotConstructor.Infrastructure", "Infrastructure\BotConstructor.Infrastructure.csproj", "{E3F270CF-8860-42B3-9007-FA3E4ACCB3AF}"
EndProject
Project("{FAE04EC0-301F-11D3-BF4B-00C04F79EFBC}") = "BotConstructor.Web", "Web\BotConstructor.Web.csproj", "{6F5A8C33-5721-40A5-9038-763A01E86D70}"
EndProject
Project("{2150E333-8FDC-42A3-9474-1A3956D46DE8}") = "tests", "tests", "{36D591C7-65C7-A0D1-1CBC-10CDE441BDC8}"
EndProject
Project("{FAE04EC0-301F-11D3-BF4B-00C04F79EFBC}") = "BotConstructor.Tests.E2E", "..\tests\BotConstructor.Tests.E2E\BotConstructor.Tests.E2E.csproj", "{0BAFE51A-B7CA-EA24-F22A-CD9BFC9D07B4}"
EndProject
Project("{FAE04EC0-301F-11D3-BF4B-00C04F79EFBC}") = "BotConstructor.Tests.Integration", "..\tests\BotConstructor.Tests.Integration\BotConstructor.Tests.Integration.csproj", "{4A5E6DCC-B3F1-B74C-80BE-02B08292426D}"
EndProject
Project("{FAE04EC0-301F-11D3-BF4B-00C04F79EFBC}") = "BotConstructor.Tests.Security", "..\tests\BotConstructor.Tests.Security\BotConstructor.Tests.Security.csproj", "{2FA26ABB-39B1-70B7-EABD-95BFB2013E2D}"
EndProject
Project("{FAE04EC0-301F-11D3-BF4B-00C04F79EFBC}") = "BotConstructor.Tests.Unit", "..\tests\BotConstructor.Tests.Unit\BotConstructor.Tests.Unit.csproj", "{E9EA9AF2-76A0-676A-B930-28C51FD2809F}"
EndProject
Global
	GlobalSection(SolutionConfigurationPlatforms) = preSolution
		Debug|Any CPU = Debug|Any CPU
		Debug|x64 = Debug|x64
		Debug|x86 = Debug|x86
		Release|Any CPU = Release|Any CPU
		Release|x64 = Release|x64
		Release|x86 = Release|x86
	EndGlobalSection
	GlobalSection(ProjectConfigurationPlatforms) = postSolution
		{5B9E4C0F-44A6-46D3-893A-64A78688CFB7}.Debug|Any CPU.ActiveCfg = Debug|Any CPU
		{5B9E4C0F-44A6-46D3-893A-64A78688CFB7}.Debug|Any CPU.Build.0 = Debug|Any CPU
		{5B9E4C0F-44A6-46D3-893A-64A78688CFB7}.Debug|x64.ActiveCfg = Debug|Any CPU
		{5B9E4C0F-44A6-46D3-893A-64A78688CFB7}.Debug|x64.Build.0 = Debug|Any CPU
		{5B9E4C0F-44A6-46D3-893A-64A78688CFB7}.Debug|x86.ActiveCfg = Debug|Any CPU
		{5B9E4C0F-44A6-46D3-893A-64A78688CFB7}.Debug|x86.Build.0 = Debug|Any CPU
		{5B9E4C0F-44A6-46D3-893A-64A78688CFB7}.Release|Any CPU.ActiveCfg = Release|Any CPU
		{5B9E4C0F-44A6-46D3-893A-64A78688CFB7}.Release|Any CPU.Build.0 = Release|Any CPU
		{5B9E4C0F-44A6-46D3-893A-64A78688CFB7}.Release|x64.ActiveCfg = Release|Any CPU
		{5B9E4C0F-44A6-46D3-893A-64A78688CFB7}.Release|x64.Build.0 = Release|Any CPU
		{5B9E4C0F-44A6-46D3-893A-64A78688CFB7}.Release|x86.ActiveCfg = Release|Any CPU
		{5B9E4C0F-44A6-46D3-893A-64A78688CFB7}.Release|x86.Build.0 = Release|Any CPU
		{E3F270CF-8860-42B3-9007-FA3E4ACCB3AF}.Debug|Any CPU.ActiveCfg = Debug|Any CPU
		{E3F270CF-8860-42B3-9007-FA3E4ACCB3AF}.Debug|Any CPU.Build.0 = Debug|Any CPU
		{E3F270CF-8860-42B3-9007-FA3E4ACCB3AF}.Debug|x64.ActiveCfg = Debug|Any CPU
		{E3F270CF-8860-42B3-9007-FA3E4ACCB3AF}.Debug|x64.Build.0 = Debug|Any CPU
		{E3F270CF-8860-42B3-9007-FA3E4ACCB3AF}.Debug|x86.ActiveCfg = Debug|Any CPU
		{E3F270CF-8860-42B3-9007-FA3E4ACCB3AF}.Debug|x86.Build.0 = Debug|Any CPU
		{E3F270CF-8860-42B3-9007-FA3E4ACCB3AF}.Release|Any CPU.ActiveCfg = Release|Any CPU
		{E3F270CF-8860-42B3-9007-FA3E4ACCB3AF}.Release|Any CPU.Build.0 = Release|Any CPU
		{E3F270CF-8860-42B3-9007-FA3E4ACCB3AF}.Release|x64.ActiveCfg = Release|Any CPU
		{E3F270CF-8860-42B3-9007-FA3E4ACCB3AF}.Release|x64.Build.0 = Release|Any CPU
		{E3F270CF-8860-42B3-9007-FA3E4ACCB3AF}.Release|x86.ActiveCfg = Release|Any CPU
		{E3F270CF-8860-42B3-9007-FA3E4ACCB3AF}.Release|x86.Build.0 = Release|Any CPU
		{6F5A8C33-5721-40A5-9038-763A01E86D70}.Debug|Any CPU.ActiveCfg = Debug|Any CPU
		{6F5A8C33-5721-40A5-9038-763A01E86D70}.Debug|Any CPU.Build.0 = Debug|Any CPU
		{6F5A8C33-5721-40A5-9038-763A01E86D70}.Debug|x64.ActiveCfg = Debug|Any CPU
		{6F5A8C33-5721-40A5-9038-763A01E86D70}.Debug|x64.Build.0 = Debug|Any CPU
		{6F5A8C33-5721-40A5-9038-763A01E86D70}.Debug|x86.ActiveCfg = Debug|Any CPU
		{6F5A8C33-5721-40A5-9038-763A01E86D70}.Debug|x86.Build.0 = Debug|Any CPU
		{6F5A8C33-5721-40A5-9038-763A01E86D70}.Release|Any CPU.ActiveCfg = Release|Any CPU
		{6F5A8C33-5721-40A5-9038-763A01E86D70}.Release|Any CPU.Build.0 = Release|Any CPU
		{6F5A8C33-5721-40A5-9038-763A01E86D70}.Release|x64.ActiveCfg = Release|Any CPU
		{6F5A8C33-5721-40A5-9038-763A01E86D70}.Release|x64.Build.0 = Release|Any CPU
		{6F5A8C33-5721-40A5-9038-763A01E86D70}.Release|x86.ActiveCfg = Release|Any CPU
		{6F5A8C33-5721-40A5-9038-763A01E86D70}.Release|x86.Build.0 = Release|Any CPU
		{0BAFE51A-B7CA-EA24-F22A-CD9BFC9D07B4}.Debug|Any CPU.ActiveCfg = Debug|Any CPU
		{0BAFE51A-B7CA-EA24-F22A-CD9BFC9D07B4}.Debug|Any CPU.Build.0 = Debug|Any CPU
		{0BAFE51A-B7CA-EA24-F22A-CD9BFC9D07B4}.Debug|x64.ActiveCfg = Debug|Any CPU
		{0BAFE51A-B7CA-EA24-F22A-CD9BFC9D07B4}.Debug|x64.Build.0 = Debug|Any CPU
		{0BAFE51A-B7CA-EA24-F22A-CD9BFC9D07B4}.Debug|x86.ActiveCfg = Debug|Any CPU
		{0BAFE51A-B7CA-EA24-F22A-CD9BFC9D07B4}.Debug|x86.Build.0 = Debug|Any CPU
		{0BAFE51A-B7CA-EA24-F22A-CD9BFC9D07B4}.Release|Any CPU.ActiveCfg = Release|Any CPU
		{0BAFE51A-B7CA-EA24-F22A-CD9BFC9D07B4}.Release|Any CPU.Build.0 = Release|Any CPU
		{0BAFE51A-B7CA-EA24-F22A-CD9BFC9D07B4}.Release|x64.ActiveCfg = Release|Any CPU
		{0BAFE51A-B7CA-EA24-F22A-CD9BFC9D07B4}.Release|x64.Build.0 = Release|Any CPU
		{0BAFE51A-B7CA-EA24-F22A-CD9BFC9D07B4}.Release|x86.ActiveCfg = Release|Any CPU
		{0BAFE51A-B7CA-EA24-F22A-CD9BFC9D07B4}.Release|x86.Build.0 = Release|Any CPU
		{4A5E6DCC-B3F1-B74C-80BE-02B08292426D}.Debug|Any CPU.ActiveCfg = Debug|Any CPU
		{4A5E6DCC-B3F1-B74C-80BE-02B08292426D}.Debug|Any CPU.Build.0 = Debug|Any CPU
		{4A5E6DCC-B3F1-B74C-80BE-02B08292426D}.Debug|x64.ActiveCfg = Debug|Any CPU
		{4A5E6DCC-B3F1-B74C-80BE-02B08292426D}.Debug|x64.Build.0 = Debug|Any CPU
		{4A5E6DCC-B3F1-B74C-80BE-02B08292426D}.Debug|x86.ActiveCfg = Debug|Any CPU
		{4A5E6DCC-B3F1-B74C-80BE-02B08292426D}.Debug|x86.Build.0 = Debug|Any CPU
		{4A5E6DCC-B3F1-B74C-80BE-02B08292426D}.Release|Any CPU.ActiveCfg = Release|Any CPU
		{4A5E6DCC-B3F1-B74C-80BE-02B08292426D}.Release|Any CPU.Build.0 = Release|Any CPU
		{4A5E6DCC-B3F1-B74C-80BE-02B08292426D}.Release|x64.ActiveCfg = Release|Any CPU
		{4A5E6DCC-B3F1-B74C-80BE-02B08292426D}.Release|x64.Build.0 = Release|Any CPU
		{4A5E6DCC-B3F1-B74C-80BE-02B08292426D}.Release|x86.ActiveCfg = Release|Any CPU
		{4A5E6DCC-B3F1-B74C-80BE-02B08292426D}.Release|x86.Build.0 = Release|Any CPU
		{2FA26ABB-39B1-70B7-EABD-95BFB2013E2D}.Debug|Any CPU.ActiveCfg = Debug|Any CPU
		{2FA26ABB-39B1-70B7-EABD-95BFB2013E2D}.Debug|Any CPU.Build.0 = Debug|Any CPU
		{2FA26ABB-39B1-70B7-EABD-95BFB2013E2D}.Debug|x64.ActiveCfg = Debug|Any CPU
		{2FA26ABB-39B1-70B7-EABD-95BFB2013E2D}.Debug|x64.Build.0 = Debug|Any CPU
		{2FA26ABB-39B1-70B7-EABD-95BFB2013E2D}.Debug|x86.ActiveCfg = Debug|Any CPU
		{2FA26ABB-39B1-70B7-EABD-95BFB2013E2D}.Debug|x86.Build.0 = Debug|Any CPU
		{2FA26ABB-39B1-70B7-EABD-95BFB2013E2D}.Release|Any CPU.ActiveCfg = Release|Any CPU
		{2FA26ABB-39B1-70B7-EABD-95BFB2013E2D}.Release|Any CPU.Build.0 = Release|Any CPU
		{2FA26ABB-39B1-70B7-EABD-95BFB2013E2D}.Release|x64.ActiveCfg = Release|Any CPU
		{2FA26ABB-39B1-70B7-EABD-95BFB2013E2D}.Release|x64.Build.0 = Release|Any CPU
		{2FA26ABB-39B1-70B7-EABD-95BFB2013E2D}.Release|x86.ActiveCfg = Release|Any CPU
		{2FA26ABB-39B1-70B7-EABD-95BFB2013E2D}.Release|x86.Build.0 = Release|Any CPU
		{E9EA9AF2-76A0-676A-B930-28C51FD2809F}.Debug|Any CPU.ActiveCfg = Debug|Any CPU
		{E9EA9AF2-76A0-676A-B930-28C51FD2809F}.Debug|Any CPU.Build.0 = Debug|Any CPU
		{E9EA9AF2-76A0-676A-B930-28C51FD2809F}.Debug|x64.ActiveCfg = Debug|Any CPU
		{E9EA9AF2-76A0-676A-B930-28C51FD2809F}.Debug|x64.Build.0 = Debug|Any CPU
		{E9EA9AF2-76A0-676A-B930-28C51FD2809F}.Debug|x86.ActiveCfg = Debug|Any CPU
		{E9EA9AF2-76A0-676A-B930-28C51FD2809F}.Debug|x86.Build.0 = Debug|Any CPU
		{E9EA9AF2-76A0-676A-B930-28C51FD2809F}.Release|Any CPU.ActiveCfg = Release|Any CPU
		{E9EA9AF2-76A0-676A-B930-28C51FD2809F}.Release|Any CPU.Build.0 = Release|Any CPU
		{E9EA9AF2-76A0-676A-B930-28C51FD2809F}.Release|x64.ActiveCfg = Release|Any CPU
		{E9EA9AF2-76A0-676A-B930-28C51FD2809F}.Release|x64.Build.0 = Release|Any CPU
		{E9EA9AF2-76A0-676A-B930-28C51FD2809F}.Release|x86.ActiveCfg = Release|Any CPU
		{E9EA9AF2-76A0-676A-B930-28C51FD2809F}.Release|x86.Build.0 = Release|Any CPU
	EndGlobalSection
	GlobalSection(SolutionProperties) = preSolution
		HideSolutionNode = FALSE
	EndGlobalSection
	GlobalSection(NestedProjects) = preSolution
		{5B9E4C0F-44A6-46D3-893A-64A78688CFB7} = {FBF56CC3-7AE6-AD2D-3F14-7F97FD322CD6}
		{E3F270CF-8860-42B3-9007-FA3E4ACCB3AF} = {FBF56CC3-7AE6-AD2D-3F14-7F97FD322CD6}
		{6F5A8C33-5721-40A5-9038-763A01E86D70} = {FBF56CC3-7AE6-AD2D-3F14-7F97FD322CD6}
		{0BAFE51A-B7CA-EA24-F22A-CD9BFC9D07B4} = {36D591C7-65C7-A0D1-1CBC-10CDE441BDC8}
		{4A5E6DCC-B3F1-B74C-80BE-02B08292426D} = {36D591C7-65C7-A0D1-1CBC-10CDE441BDC8}
		{2FA26ABB-39B1-70B7-EABD-95BFB2013E2D} = {36D591C7-65C7-A0D1-1CBC-10CDE441BDC8}
		{E9EA9AF2-76A0-676A-B930-28C51FD2809F} = {36D591C7-65C7-A0D1-1CBC-10CDE441BDC8}
	EndGlobalSection
	GlobalSection(ExtensibilityGlobals) = postSolution
		SolutionGuid = {D2B05C62-C4F6-4D12-A44E-2AB0C6F73687}
	EndGlobalSection
EndGlobal
